github.com/Plankiton/SexPistol v0.4.8 h1:k+gpwI7mw6d+7rEGHGgSH5Sb0IlQXxki3dBuUNuDyFQ=
github.com/Plankiton/SexPistol v0.4.8/go.mod h1:9kA/rbf93CUUpbBoC3ZsR6qqYeePW3hBk3MK20Et+h8=
github.com/Showmax/go-fqdn v1.0.0 h1:0rG5IbmVliNT5O19Mfuvna9LL7zlHyRfsSvBPZmF9tM=
github.com/Showmax/go-fqdn v1.0.0/go.mod h1:SfrFBzmDCtCGrnHhoDjuvFnKsWjEQX/Q9ARZvOrJAko=
